
Microsoft Visual Studio Solution File, Format Version 12.00
# Visual Studio 14
VisualStudioVersion = 14.0.25420.1
MinimumVisualStudioVersion = 10.0.40219.1
Project("{FAE04EC0-301F-11D3-BF4B-00C04F79EFBC}") = "AccessControl1s", "AccessControl1s\AccessControl1s.csproj", "{C160E953-EE65-4996-A843-65952F0BA8C2}"
EndProject
Project("{FAE04EC0-301F-11D3-BF4B-00C04F79EFBC}") = "NetSDKCS", "NetSDKCS\NetSDKCS.csproj", "{60CFBA25-F7CE-4140-A7E3-5355A25198E5}"
EndProject
Global
	GlobalSection(SolutionConfigurationPlatforms) = preSolution
		Debug|x64 = Debug|x64
		Debug|x86 = Debug|x86
		Release|x64 = Release|x64
		Release|x86 = Release|x86
	EndGlobalSection
	GlobalSection(ProjectConfigurationPlatforms) = postSolution
		{C160E953-EE65-4996-A843-65952F0BA8C2}.Debug|x64.ActiveCfg = Debug|x64
		{C160E953-EE65-4996-A843-65952F0BA8C2}.Debug|x64.Build.0 = Debug|x64
		{C160E953-EE65-4996-A843-65952F0BA8C2}.Debug|x86.ActiveCfg = Debug|x86
		{C160E953-EE65-4996-A843-65952F0BA8C2}.Debug|x86.Build.0 = Debug|x86
		{C160E953-EE65-4996-A843-65952F0BA8C2}.Release|x64.ActiveCfg = Release|x64
		{C160E953-EE65-4996-A843-65952F0BA8C2}.Release|x64.Build.0 = Release|x64
		{C160E953-EE65-4996-A843-65952F0BA8C2}.Release|x86.ActiveCfg = Release|x86
		{C160E953-EE65-4996-A843-65952F0BA8C2}.Release|x86.Build.0 = Release|x86
		{60CFBA25-F7CE-4140-A7E3-5355A25198E5}.Debug|x64.ActiveCfg = Debug|x64
		{60CFBA25-F7CE-4140-A7E3-5355A25198E5}.Debug|x64.Build.0 = Debug|x64
		{60CFBA25-F7CE-4140-A7E3-5355A25198E5}.Debug|x86.ActiveCfg = Debug|x86
		{60CFBA25-F7CE-4140-A7E3-5355A25198E5}.Debug|x86.Build.0 = Debug|x86
		{60CFBA25-F7CE-4140-A7E3-5355A25198E5}.Release|x64.ActiveCfg = Release|x64
		{60CFBA25-F7CE-4140-A7E3-5355A25198E5}.Release|x64.Build.0 = Release|x64
		{60CFBA25-F7CE-4140-A7E3-5355A25198E5}.Release|x86.ActiveCfg = Release|x86
		{60CFBA25-F7CE-4140-A7E3-5355A25198E5}.Release|x86.Build.0 = Release|x86
	EndGlobalSection
	GlobalSection(SolutionProperties) = preSolution
		HideSolutionNode = FALSE
	EndGlobalSection
EndGlobal
